
Microsoft Visual Studio Solution File, Format Version 12.00
# Visual Studio Version 17
VisualStudioVersion = 17.7.34221.43
MinimumVisualStudioVersion = 10.0.40219.1
Project("{FAE04EC0-301F-11D3-BF4B-00C04F79EFBC}") = "AtmConsoleApp", "AtmConsoleApp\AtmConsoleApp.csproj", "{BF03BB9E-33B3-4A46-8A14-99F566596D7A}"
EndProject
Global
	GlobalSection(SolutionConfigurationPlatforms) = preSolution
		Debug|Any CPU = Debug|Any CPU
		Release|Any CPU = Release|Any CPU
	EndGlobalSection
	GlobalSection(ProjectConfigurationPlatforms) = postSolution
		{BF03BB9E-33B3-4A46-8A14-99F566596D7A}.Debug|Any CPU.ActiveCfg = Debug|Any CPU
		{BF03BB9E-33B3-4A46-8A14-99F566596D7A}.Debug|Any CPU.Build.0 = Debug|Any CPU
		{BF03BB9E-33B3-4A46-8A14-99F566596D7A}.Release|Any CPU.ActiveCfg = Release|Any CPU
		{BF03BB9E-33B3-4A46-8A14-99F566596D7A}.Release|Any CPU.Build.0 = Release|Any CPU
	EndGlobalSection
	GlobalSection(SolutionProperties) = preSolution
		HideSolutionNode = FALSE
	EndGlobalSection
	GlobalSection(ExtensibilityGlobals) = postSolution
		SolutionGuid = {102558E3-7860-4E27-8F25-17657CECC8AF}
	EndGlobalSection
EndGlobal
